
Microsoft Visual Studio Solution File, Format Version 12.00
# Visual Studio 15
Project("{FAE04EC0-301F-11D3-BF4B-00C04F79EFBC}") = "UnityEngine.UI", "UnityEngine.UI.csproj", "{FF6068C3-9C79-0C96-2D89-61AB1F7E3E5A}"
EndProject
Project("{FAE04EC0-301F-11D3-BF4B-00C04F79EFBC}") = "Assembly-CSharp", "Assembly-CSharp.csproj", "{31AC22C5-A82B-9330-AA98-2A0BBFD754D0}"
EndProject
Project("{FAE04EC0-301F-11D3-BF4B-00C04F79EFBC}") = "UnityEditor.UI", "UnityEditor.UI.csproj", "{79792A52-A99F-0785-3FFD-C2D17B169AF7}"
EndProject
Project("{FAE04EC0-301F-11D3-BF4B-00C04F79EFBC}") = "Unity.2D.Sprite.Editor", "Unity.2D.Sprite.Editor.csproj", "{575BFD2A-1ECE-CDE6-5679-C500CA798789}"
EndProject
Project("{FAE04EC0-301F-11D3-BF4B-00C04F79EFBC}") = "Unity.2D.Tilemap.Editor", "Unity.2D.Tilemap.Editor.csproj", "{80B4EB0E-54EF-EAD9-0A72-4B5D9AB5849B}"
EndProject
Global
	GlobalSection(SolutionConfigurationPlatforms) = preSolution
		Debug|Any CPU = Debug|Any CPU
		Release|Any CPU = Release|Any CPU
	EndGlobalSection
	GlobalSection(ProjectConfigurationPlatforms) = postSolution
		{FF6068C3-9C79-0C96-2D89-61AB1F7E3E5A}.Debug|Any CPU.ActiveCfg = Debug|Any CPU
		{FF6068C3-9C79-0C96-2D89-61AB1F7E3E5A}.Debug|Any CPU.Build.0 = Debug|Any CPU
		{FF6068C3-9C79-0C96-2D89-61AB1F7E3E5A}.Release|Any CPU.ActiveCfg = Release|Any CPU
		{FF6068C3-9C79-0C96-2D89-61AB1F7E3E5A}.Release|Any CPU.Build.0 = Release|Any CPU
		{31AC22C5-A82B-9330-AA98-2A0BBFD754D0}.Debug|Any CPU.ActiveCfg = Debug|Any CPU
		{31AC22C5-A82B-9330-AA98-2A0BBFD754D0}.Debug|Any CPU.Build.0 = Debug|Any CPU
		{31AC22C5-A82B-9330-AA98-2A0BBFD754D0}.Release|Any CPU.ActiveCfg = Release|Any CPU
		{31AC22C5-A82B-9330-AA98-2A0BBFD754D0}.Release|Any CPU.Build.0 = Release|Any CPU
		{79792A52-A99F-0785-3FFD-C2D17B169AF7}.Debug|Any CPU.ActiveCfg = Debug|Any CPU
		{79792A52-A99F-0785-3FFD-C2D17B169AF7}.Debug|Any CPU.Build.0 = Debug|Any CPU
		{79792A52-A99F-0785-3FFD-C2D17B169AF7}.Release|Any CPU.ActiveCfg = Release|Any CPU
		{79792A52-A99F-0785-3FFD-C2D17B169AF7}.Release|Any CPU.Build.0 = Release|Any CPU
		{575BFD2A-1ECE-CDE6-5679-C500CA798789}.Debug|Any CPU.ActiveCfg = Debug|Any CPU
		{575BFD2A-1ECE-CDE6-5679-C500CA798789}.Debug|Any CPU.Build.0 = Debug|Any CPU
		{575BFD2A-1ECE-CDE6-5679-C500CA798789}.Release|Any CPU.ActiveCfg = Release|Any CPU
		{575BFD2A-1ECE-CDE6-5679-C500CA798789}.Release|Any CPU.Build.0 = Release|Any CPU
		{80B4EB0E-54EF-EAD9-0A72-4B5D9AB5849B}.Debug|Any CPU.ActiveCfg = Debug|Any CPU
		{80B4EB0E-54EF-EAD9-0A72-4B5D9AB5849B}.Debug|Any CPU.Build.0 = Debug|Any CPU
		{80B4EB0E-54EF-EAD9-0A72-4B5D9AB5849B}.Release|Any CPU.ActiveCfg = Release|Any CPU
		{80B4EB0E-54EF-EAD9-0A72-4B5D9AB5849B}.Release|Any CPU.Build.0 = Release|Any CPU
	EndGlobalSection
	GlobalSection(SolutionProperties) = preSolution
		HideSolutionNode = FALSE
	EndGlobalSection
EndGlobal
